
Microsoft Visual Studio Solution File, Format Version 12.00
# Visual Studio Version 17
VisualStudioVersion = 17.5.33530.505
MinimumVisualStudioVersion = 10.0.40219.1
Project("{FAE04EC0-301F-11D3-BF4B-00C04F79EFBC}") = "FindwindowDemo", "FindwindowDemo\FindwindowDemo.csproj", "{33CFD7DA-7C1B-4A8E-B094-58A31AB16A06}"
EndProject
Global
	GlobalSection(SolutionConfigurationPlatforms) = preSolution
		Debug|Any CPU = Debug|Any CPU
		Release|Any CPU = Release|Any CPU
	EndGlobalSection
	GlobalSection(ProjectConfigurationPlatforms) = postSolution
		{33CFD7DA-7C1B-4A8E-B094-58A31AB16A06}.Debug|Any CPU.ActiveCfg = Debug|Any CPU
		{33CFD7DA-7C1B-4A8E-B094-58A31AB16A06}.Debug|Any CPU.Build.0 = Debug|Any CPU
		{33CFD7DA-7C1B-4A8E-B094-58A31AB16A06}.Release|Any CPU.ActiveCfg = Release|Any CPU
		{33CFD7DA-7C1B-4A8E-B094-58A31AB16A06}.Release|Any CPU.Build.0 = Release|Any CPU
	EndGlobalSection
	GlobalSection(SolutionProperties) = preSolution
		HideSolutionNode = FALSE
	EndGlobalSection
	GlobalSection(ExtensibilityGlobals) = postSolution
		SolutionGuid = {87B47C9B-B430-4B54-8198-AAA8397A19DF}
	EndGlobalSection
EndGlobal
